
Microsoft Visual Studio Solution File, Format Version 12.00
# Visual Studio 15
VisualStudioVersion = 15.0.28307.539
MinimumVisualStudioVersion = 10.0.40219.1
Project("{151D2E53-A2C4-4D7D-83FE-D05416EBD58E}") = "ADDS Project", "ADDS Project\ADDS Project.deployproj", "{98AAB1A1-FE61-4002-B5CC-7DB7FCA876BF}"
EndProject
Global
	GlobalSection(SolutionConfigurationPlatforms) = preSolution
		Debug|Any CPU = Debug|Any CPU
		Release|Any CPU = Release|Any CPU
	EndGlobalSection
	GlobalSection(ProjectConfigurationPlatforms) = postSolution
		{98AAB1A1-FE61-4002-B5CC-7DB7FCA876BF}.Debug|Any CPU.ActiveCfg = Debug|Any CPU
		{98AAB1A1-FE61-4002-B5CC-7DB7FCA876BF}.Debug|Any CPU.Build.0 = Debug|Any CPU
		{98AAB1A1-FE61-4002-B5CC-7DB7FCA876BF}.Release|Any CPU.ActiveCfg = Release|Any CPU
		{98AAB1A1-FE61-4002-B5CC-7DB7FCA876BF}.Release|Any CPU.Build.0 = Release|Any CPU
	EndGlobalSection
	GlobalSection(SolutionProperties) = preSolution
		HideSolutionNode = FALSE
	EndGlobalSection
	GlobalSection(ExtensibilityGlobals) = postSolution
		SolutionGuid = {4E1D619A-82B7-4D83-942B-43AC66F79657}
	EndGlobalSection
EndGlobal
