
Microsoft Visual Studio Solution File, Format Version 12.00
# Visual Studio 15
VisualStudioVersion = 15.0.28307.539
MinimumVisualStudioVersion = 10.0.40219.1
Project("{151D2E53-A2C4-4D7D-83FE-D05416EBD58E}") = "Promote_DC_KeyVault", "Promote_DC_KeyVault\Promote_DC_KeyVault.deployproj", "{C5CF4AA2-6F4D-4F07-9F93-2FDBE9F6226D}"
EndProject
Global
	GlobalSection(SolutionConfigurationPlatforms) = preSolution
		Debug|Any CPU = Debug|Any CPU
		Release|Any CPU = Release|Any CPU
	EndGlobalSection
	GlobalSection(ProjectConfigurationPlatforms) = postSolution
		{C5CF4AA2-6F4D-4F07-9F93-2FDBE9F6226D}.Debug|Any CPU.ActiveCfg = Debug|Any CPU
		{C5CF4AA2-6F4D-4F07-9F93-2FDBE9F6226D}.Debug|Any CPU.Build.0 = Debug|Any CPU
		{C5CF4AA2-6F4D-4F07-9F93-2FDBE9F6226D}.Release|Any CPU.ActiveCfg = Release|Any CPU
		{C5CF4AA2-6F4D-4F07-9F93-2FDBE9F6226D}.Release|Any CPU.Build.0 = Release|Any CPU
	EndGlobalSection
	GlobalSection(SolutionProperties) = preSolution
		HideSolutionNode = FALSE
	EndGlobalSection
	GlobalSection(ExtensibilityGlobals) = postSolution
		SolutionGuid = {6A01646E-9D0E-4A96-95A0-01BB6A8259E2}
	EndGlobalSection
EndGlobal
