
Microsoft Visual Studio Solution File, Format Version 12.00
# Visual Studio 15
VisualStudioVersion = 15.0.28307.489
MinimumVisualStudioVersion = 10.0.40219.1
Project("{151D2E53-A2C4-4D7D-83FE-D05416EBD58E}") = "Promote_OPNAV_DC", "Promote_OPNAV_DC\Promote_OPNAV_DC.deployproj", "{16FFB979-5308-48E9-9494-E22D1D933692}"
EndProject
Global
	GlobalSection(SolutionConfigurationPlatforms) = preSolution
		Debug|Any CPU = Debug|Any CPU
		Release|Any CPU = Release|Any CPU
	EndGlobalSection
	GlobalSection(ProjectConfigurationPlatforms) = postSolution
		{16FFB979-5308-48E9-9494-E22D1D933692}.Debug|Any CPU.ActiveCfg = Debug|Any CPU
		{16FFB979-5308-48E9-9494-E22D1D933692}.Debug|Any CPU.Build.0 = Debug|Any CPU
		{16FFB979-5308-48E9-9494-E22D1D933692}.Release|Any CPU.ActiveCfg = Release|Any CPU
		{16FFB979-5308-48E9-9494-E22D1D933692}.Release|Any CPU.Build.0 = Release|Any CPU
	EndGlobalSection
	GlobalSection(SolutionProperties) = preSolution
		HideSolutionNode = FALSE
	EndGlobalSection
	GlobalSection(ExtensibilityGlobals) = postSolution
		SolutionGuid = {A0D3899C-761D-4BF1-B535-40DAC96D7056}
	EndGlobalSection
EndGlobal
