
Microsoft Visual Studio Solution File, Format Version 12.00
# Visual Studio 15
VisualStudioVersion = 15.0.28307.539
MinimumVisualStudioVersion = 10.0.40219.1
Project("{151D2E53-A2C4-4D7D-83FE-D05416EBD58E}") = "Deploy ADDS Azure Project", "Deploy ADDS Azure Project\Deploy ADDS Azure Project.deployproj", "{79B938EB-D121-49E7-89EB-DC8D6170C0B8}"
EndProject
Global
	GlobalSection(SolutionConfigurationPlatforms) = preSolution
		Debug|Any CPU = Debug|Any CPU
		Release|Any CPU = Release|Any CPU
	EndGlobalSection
	GlobalSection(ProjectConfigurationPlatforms) = postSolution
		{79B938EB-D121-49E7-89EB-DC8D6170C0B8}.Debug|Any CPU.ActiveCfg = Debug|Any CPU
		{79B938EB-D121-49E7-89EB-DC8D6170C0B8}.Debug|Any CPU.Build.0 = Debug|Any CPU
		{79B938EB-D121-49E7-89EB-DC8D6170C0B8}.Release|Any CPU.ActiveCfg = Release|Any CPU
		{79B938EB-D121-49E7-89EB-DC8D6170C0B8}.Release|Any CPU.Build.0 = Release|Any CPU
	EndGlobalSection
	GlobalSection(SolutionProperties) = preSolution
		HideSolutionNode = FALSE
	EndGlobalSection
	GlobalSection(ExtensibilityGlobals) = postSolution
		SolutionGuid = {A182974C-7BF7-49C2-938B-0092E8E0D99E}
	EndGlobalSection
EndGlobal
