
Microsoft Visual Studio Solution File, Format Version 12.00
# Visual Studio 15
VisualStudioVersion = 15.0.28307.539
MinimumVisualStudioVersion = 10.0.40219.1
Project("{151D2E53-A2C4-4D7D-83FE-D05416EBD58E}") = "Deploy_OPNAV_ADDS_Project", "Deploy_OPNAV_ADDS_Project\Deploy_OPNAV_ADDS_Project.deployproj", "{5CB45778-0A7F-4EFD-9653-E6C3000222CD}"
EndProject
Global
	GlobalSection(SolutionConfigurationPlatforms) = preSolution
		Debug|Any CPU = Debug|Any CPU
		Release|Any CPU = Release|Any CPU
	EndGlobalSection
	GlobalSection(ProjectConfigurationPlatforms) = postSolution
		{5CB45778-0A7F-4EFD-9653-E6C3000222CD}.Debug|Any CPU.ActiveCfg = Debug|Any CPU
		{5CB45778-0A7F-4EFD-9653-E6C3000222CD}.Debug|Any CPU.Build.0 = Debug|Any CPU
		{5CB45778-0A7F-4EFD-9653-E6C3000222CD}.Release|Any CPU.ActiveCfg = Release|Any CPU
		{5CB45778-0A7F-4EFD-9653-E6C3000222CD}.Release|Any CPU.Build.0 = Release|Any CPU
	EndGlobalSection
	GlobalSection(SolutionProperties) = preSolution
		HideSolutionNode = FALSE
	EndGlobalSection
	GlobalSection(ExtensibilityGlobals) = postSolution
		SolutionGuid = {E032FB59-DB86-4D89-A701-1F6F28A86300}
	EndGlobalSection
EndGlobal
