
Microsoft Visual Studio Solution File, Format Version 12.00
# Visual Studio 15
VisualStudioVersion = 15.0.28307.489
MinimumVisualStudioVersion = 10.0.40219.1
Project("{151D2E53-A2C4-4D7D-83FE-D05416EBD58E}") = "Promote_OPNAV_ADDS", "Promote_OPNAV_ADDS\Promote_OPNAV_ADDS.deployproj", "{992030C5-D459-410C-88E0-4EC0997B1984}"
EndProject
Global
	GlobalSection(SolutionConfigurationPlatforms) = preSolution
		Debug|Any CPU = Debug|Any CPU
		Release|Any CPU = Release|Any CPU
	EndGlobalSection
	GlobalSection(ProjectConfigurationPlatforms) = postSolution
		{992030C5-D459-410C-88E0-4EC0997B1984}.Debug|Any CPU.ActiveCfg = Debug|Any CPU
		{992030C5-D459-410C-88E0-4EC0997B1984}.Debug|Any CPU.Build.0 = Debug|Any CPU
		{992030C5-D459-410C-88E0-4EC0997B1984}.Release|Any CPU.ActiveCfg = Release|Any CPU
		{992030C5-D459-410C-88E0-4EC0997B1984}.Release|Any CPU.Build.0 = Release|Any CPU
	EndGlobalSection
	GlobalSection(SolutionProperties) = preSolution
		HideSolutionNode = FALSE
	EndGlobalSection
	GlobalSection(ExtensibilityGlobals) = postSolution
		SolutionGuid = {C74D8235-BE29-4120-A3DB-CA2C3BBD54CD}
	EndGlobalSection
EndGlobal
